
Microsoft Visual Studio Solution File, Format Version 11.00
# Visual Studio 2010
Project("{FAE04EC0-301F-11D3-BF4B-00C04F79EFBC}") = "RxSchedulers.Switch", "src\app\RxSchedulers.Switch\RxSchedulers.Switch.csproj", "{CDB2008D-49BB-4F02-B3D0-3038C249E158}"
EndProject
Global
	GlobalSection(SolutionConfigurationPlatforms) = preSolution
		Debug|Any CPU = Debug|Any CPU
		Release|Any CPU = Release|Any CPU
	EndGlobalSection
	GlobalSection(ProjectConfigurationPlatforms) = postSolution
		{CDB2008D-49BB-4F02-B3D0-3038C249E158}.Debug|Any CPU.ActiveCfg = Debug|Any CPU
		{CDB2008D-49BB-4F02-B3D0-3038C249E158}.Debug|Any CPU.Build.0 = Debug|Any CPU
		{CDB2008D-49BB-4F02-B3D0-3038C249E158}.Release|Any CPU.ActiveCfg = Release|Any CPU
		{CDB2008D-49BB-4F02-B3D0-3038C249E158}.Release|Any CPU.Build.0 = Release|Any CPU
	EndGlobalSection
	GlobalSection(SolutionProperties) = preSolution
		HideSolutionNode = FALSE
	EndGlobalSection
EndGlobal
